// !$*UTF8*$!
{
	archiveVersion = 1;
	classes = {
	};
	objectVersion = 77;
	objects = {

/* Begin PBXBuildFile section */
		E63322D82D6ED48900988E83 /* Config.xcconfig in Resources */ = {isa = PBXBuildFile; fileRef = E63322D72D6ED48900988E83 /* Config.xcconfig */; };
		E63323002D6F073800988E83 /* Config.json in Resources */ = {isa = PBXBuildFile; fileRef = E63322FF2D6F073800988E83 /* Config.json */; };
/* End PBXBuildFile section */

/* Begin PBXContainerItemProxy section */
		E63322472D6DAB2B00988E83 /* PBXContainerItemProxy */ = {
			isa = PBXContainerItemProxy;
			containerPortal = E633222E2D6DAB2A00988E83 /* Project object */;
			proxyType = 1;
			remoteGlobalIDString = E63322352D6DAB2A00988E83;
			remoteInfo = AeonIntelligence;
		};
		E63322512D6DAB2B00988E83 /* PBXContainerItemProxy */ = {
			isa = PBXContainerItemProxy;
			containerPortal = E633222E2D6DAB2A00988E83 /* Project object */;
			proxyType = 1;
			remoteGlobalIDString = E63322352D6DAB2A00988E83;
			remoteInfo = AeonIntelligence;
		};
/* End PBXContainerItemProxy section */

/* Begin PBXFileReference section */
		E63322362D6DAB2A00988E83 /* AeonIntelligence.app */ = {isa = PBXFileReference; explicitFileType = wrapper.application; includeInIndex = 0; path = AeonIntelligence.app; sourceTree = BUILT_PRODUCTS_DIR; };
		E63322462D6DAB2B00988E83 /* AeonIntelligenceTests.xctest */ = {isa = PBXFileReference; explicitFileType = wrapper.cfbundle; includeInIndex = 0; path = AeonIntelligenceTests.xctest; sourceTree = BUILT_PRODUCTS_DIR; };
		E63322502D6DAB2B00988E83 /* AeonIntelligenceUITests.xctest */ = {isa = PBXFileReference; explicitFileType = wrapper.cfbundle; includeInIndex = 0; path = AeonIntelligenceUITests.xctest; sourceTree = BUILT_PRODUCTS_DIR; };
		E63322D72D6ED48900988E83 /* Config.xcconfig */ = {isa = PBXFileReference; lastKnownFileType = text.xcconfig; path = Config.xcconfig; sourceTree = "<group>"; };
		E63322FF2D6F073800988E83 /* Config.json */ = {isa = PBXFileReference; lastKnownFileType = text.json; path = Config.json; sourceTree = "<group>"; };
/* End PBXFileReference section */

/* Begin PBXFileSystemSynchronizedRootGroup section */
		E63322382D6DAB2A00988E83 /* AeonIntelligence */ = {
			isa = PBXFileSystemSynchronizedRootGroup;
			path = AeonIntelligence;
			sourceTree = "<group>";
		};
		E63322492D6DAB2B00988E83 /* AeonIntelligenceTests */ = {
			isa = PBXFileSystemSynchronizedRootGroup;
			path = AeonIntelligenceTests;
			sourceTree = "<group>";
		};
		E63322532D6DAB2B00988E83 /* AeonIntelligenceUITests */ = {
			isa = PBXFileSystemSynchronizedRootGroup;
			path = AeonIntelligenceUITests;
			sourceTree = "<group>";
		};
/* End PBXFileSystemSynchronizedRootGroup section */

/* Begin PBXFrameworksBuildPhase section */
		E63322332D6DAB2A00988E83 /* Frameworks */ = {
			isa = PBXFrameworksBuildPhase;
			buildActionMask = 2147483647;
			files = (
			);
			runOnlyForDeploymentPostprocessing = 0;
		};
		E63322432D6DAB2B00988E83 /* Frameworks */ = {
			isa = PBXFrameworksBuildPhase;
			buildActionMask = 2147483647;
			files = (
			);
			runOnlyForDeploymentPostprocessing = 0;
		};
		E633224D2D6DAB2B00988E83 /* Frameworks */ = {
			isa = PBXFrameworksBuildPhase;
			buildActionMask = 2147483647;
			files = (
			);
			runOnlyForDeploymentPostprocessing = 0;
		};
/* End PBXFrameworksBuildPhase section */

/* Begin PBXGroup section */
		E633222D2D6DAB2A00988E83 = {
			isa = PBXGroup;
			children = (
				E63322FF2D6F073800988E83 /* Config.json */,
				E63322D72D6ED48900988E83 /* Config.xcconfig */,
				E63322382D6DAB2A00988E83 /* AeonIntelligence */,
				E63322492D6DAB2B00988E83 /* AeonIntelligenceTests */,
				E63322532D6DAB2B00988E83 /* AeonIntelligenceUITests */,
				E63322372D6DAB2A00988E83 /* Products */,
			);
			sourceTree = "<group>";
		};
		E63322372D6DAB2A00988E83 /* Products */ = {
			isa = PBXGroup;
			children = (
				E63322362D6DAB2A00988E83 /* AeonIntelligence.app */,
				E63322462D6DAB2B00988E83 /* AeonIntelligenceTests.xctest */,
				E63322502D6DAB2B00988E83 /* AeonIntelligenceUITests.xctest */,
			);
			name = Products;
			sourceTree = "<group>";
		};
/* End PBXGroup section */

/* Begin PBXNativeTarget section */
		E63322352D6DAB2A00988E83 /* AeonIntelligence */ = {
			isa = PBXNativeTarget;
			buildConfigurationList = E633225A2D6DAB2B00988E83 /* Build configuration list for PBXNativeTarget "AeonIntelligence" */;
			buildPhases = (
				E63322322D6DAB2A00988E83 /* Sources */,
				E63322332D6DAB2A00988E83 /* Frameworks */,
				E63322342D6DAB2A00988E83 /* Resources */,
			);
			buildRules = (
			);
			dependencies = (
			);
			fileSystemSynchronizedGroups = (
				E63322382D6DAB2A00988E83 /* AeonIntelligence */,
			);
			name = AeonIntelligence;
			packageProductDependencies = (
			);
			productName = AeonIntelligence;
			productReference = E63322362D6DAB2A00988E83 /* AeonIntelligence.app */;
			productType = "com.apple.product-type.application";
		};
		E63322452D6DAB2B00988E83 /* AeonIntelligenceTests */ = {
			isa = PBXNativeTarget;
			buildConfigurationList = E633225D2D6DAB2B00988E83 /* Build configuration list for PBXNativeTarget "AeonIntelligenceTests" */;
			buildPhases = (
				E63322422D6DAB2B00988E83 /* Sources */,
				E63322432D6DAB2B00988E83 /* Frameworks */,
				E63322442D6DAB2B00988E83 /* Resources */,
			);
			buildRules = (
			);
			dependencies = (
				E63322482D6DAB2B00988E83 /* PBXTargetDependency */,
			);
			fileSystemSynchronizedGroups = (
				E63322492D6DAB2B00988E83 /* AeonIntelligenceTests */,
			);
			name = AeonIntelligenceTests;
			packageProductDependencies = (
			);
			productName = AeonIntelligenceTests;
			productReference = E63322462D6DAB2B00988E83 /* AeonIntelligenceTests.xctest */;
			productType = "com.apple.product-type.bundle.unit-test";
		};
		E633224F2D6DAB2B00988E83 /* AeonIntelligenceUITests */ = {
			isa = PBXNativeTarget;
			buildConfigurationList = E63322602D6DAB2B00988E83 /* Build configuration list for PBXNativeTarget "AeonIntelligenceUITests" */;
			buildPhases = (
				E633224C2D6DAB2B00988E83 /* Sources */,
				E633224D2D6DAB2B00988E83 /* Frameworks */,
				E633224E2D6DAB2B00988E83 /* Resources */,
			);
			buildRules = (
			);
			dependencies = (
				E63322522D6DAB2B00988E83 /* PBXTargetDependency */,
			);
			fileSystemSynchronizedGroups = (
				E63322532D6DAB2B00988E83 /* AeonIntelligenceUITests */,
			);
			name = AeonIntelligenceUITests;
			packageProductDependencies = (
			);
			productName = AeonIntelligenceUITests;
			productReference = E63322502D6DAB2B00988E83 /* AeonIntelligenceUITests.xctest */;
			productType = "com.apple.product-type.bundle.ui-testing";
		};
/* End PBXNativeTarget section */

/* Begin PBXProject section */
		E633222E2D6DAB2A00988E83 /* Project object */ = {
			isa = PBXProject;
			attributes = {
				BuildIndependentTargetsInParallel = 1;
				LastSwiftUpdateCheck = 1620;
				LastUpgradeCheck = 1620;
				TargetAttributes = {
					E63322352D6DAB2A00988E83 = {
						CreatedOnToolsVersion = 16.2;
					};
					E63322452D6DAB2B00988E83 = {
						CreatedOnToolsVersion = 16.2;
						TestTargetID = E63322352D6DAB2A00988E83;
					};
					E633224F2D6DAB2B00988E83 = {
						CreatedOnToolsVersion = 16.2;
						TestTargetID = E63322352D6DAB2A00988E83;
					};
				};
			};
			buildConfigurationList = E63322312D6DAB2A00988E83 /* Build configuration list for PBXProject "AeonIntelligence" */;
			developmentRegion = en;
			hasScannedForEncodings = 0;
			knownRegions = (
				en,
				Base,
			);
			mainGroup = E633222D2D6DAB2A00988E83;
			minimizedProjectReferenceProxies = 1;
			preferredProjectObjectVersion = 77;
			productRefGroup = E63322372D6DAB2A00988E83 /* Products */;
			projectDirPath = "";
			projectRoot = "";
			targets = (
				E63322352D6DAB2A00988E83 /* AeonIntelligence */,
				E63322452D6DAB2B00988E83 /* AeonIntelligenceTests */,
				E633224F2D6DAB2B00988E83 /* AeonIntelligenceUITests */,
			);
		};
/* End PBXProject section */

/* Begin PBXResourcesBuildPhase section */
		E63322342D6DAB2A00988E83 /* Resources */ = {
			isa = PBXResourcesBuildPhase;
			buildActionMask = 2147483647;
			files = (
				E63323002D6F073800988E83 /* Config.json in Resources */,
				E63322D82D6ED48900988E83 /* Config.xcconfig in Resources */,
			);
			runOnlyForDeploymentPostprocessing = 0;
		};
		E63322442D6DAB2B00988E83 /* Resources */ = {
			isa = PBXResourcesBuildPhase;
			buildActionMask = 2147483647;
			files = (
			);
			runOnlyForDeploymentPostprocessing = 0;
		};
		E633224E2D6DAB2B00988E83 /* Resources */ = {
			isa = PBXResourcesBuildPhase;
			buildActionMask = 2147483647;
			files = (
			);
			runOnlyForDeploymentPostprocessing = 0;
		};
/* End PBXResourcesBuildPhase section */

/* Begin PBXSourcesBuildPhase section */
		E63322322D6DAB2A00988E83 /* Sources */ = {
			isa = PBXSourcesBuildPhase;
			buildActionMask = 2147483647;
			files = (
			);
			runOnlyForDeploymentPostprocessing = 0;
		};
		E63322422D6DAB2B00988E83 /* Sources */ = {
			isa = PBXSourcesBuildPhase;
			buildActionMask = 2147483647;
			files = (
			);
			runOnlyForDeploymentPostprocessing = 0;
		};
		E633224C2D6DAB2B00988E83 /* Sources */ = {
			isa = PBXSourcesBuildPhase;
			buildActionMask = 2147483647;
			files = (
			);
			runOnlyForDeploymentPostprocessing = 0;
		};
/* End PBXSourcesBuildPhase section */

/* Begin PBXTargetDependency section */
		E63322482D6DAB2B00988E83 /* PBXTargetDependency */ = {
			isa = PBXTargetDependency;
			target = E63322352D6DAB2A00988E83 /* AeonIntelligence */;
			targetProxy = E63322472D6DAB2B00988E83 /* PBXContainerItemProxy */;
		};
		E63322522D6DAB2B00988E83 /* PBXTargetDependency */ = {
			isa = PBXTargetDependency;
			target = E63322352D6DAB2A00988E83 /* AeonIntelligence */;
			targetProxy = E63322512D6DAB2B00988E83 /* PBXContainerItemProxy */;
		};
/* End PBXTargetDependency section */

/* Begin XCBuildConfiguration section */
		E63322582D6DAB2B00988E83 /* Debug */ = {
			isa = XCBuildConfiguration;
			baseConfigurationReference = E63322D72D6ED48900988E83 /* Config.xcconfig */;
			buildSettings = {
				ALWAYS_SEARCH_USER_PATHS = NO;
				ASSETCATALOG_COMPILER_GENERATE_SWIFT_ASSET_SYMBOL_EXTENSIONS = YES;
				CLANG_ANALYZER_NONNULL = YES;
				CLANG_ANALYZER_NUMBER_OBJECT_CONVERSION = YES_AGGRESSIVE;
				CLANG_CXX_LANGUAGE_STANDARD = "gnu++20";
				CLANG_ENABLE_MODULES = YES;
				CLANG_ENABLE_OBJC_ARC = YES;
				CLANG_ENABLE_OBJC_WEAK = YES;
				CLANG_WARN_BLOCK_CAPTURE_AUTORELEASING = YES;
				CLANG_WARN_BOOL_CONVERSION = YES;
				CLANG_WARN_COMMA = YES;
				CLANG_WARN_CONSTANT_CONVERSION = YES;
				CLANG_WARN_DEPRECATED_OBJC_IMPLEMENTATIONS = YES;
				CLANG_WARN_DIRECT_OBJC_ISA_USAGE = YES_ERROR;
				CLANG_WARN_DOCUMENTATION_COMMENTS = YES;
				CLANG_WARN_EMPTY_BODY = YES;
				CLANG_WARN_ENUM_CONVERSION = YES;
				CLANG_WARN_INFINITE_RECURSION = YES;
				CLANG_WARN_INT_CONVERSION = YES;
				CLANG_WARN_NON_LITERAL_NULL_CONVERSION = YES;
				CLANG_WARN_OBJC_IMPLICIT_RETAIN_SELF = YES;
				CLANG_WARN_OBJC_LITERAL_CONVERSION = YES;
				CLANG_WARN_OBJC_ROOT_CLASS = YES_ERROR;
				CLANG_WARN_QUOTED_INCLUDE_IN_FRAMEWORK_HEADER = YES;
				CLANG_WARN_RANGE_LOOP_ANALYSIS = YES;
				CLANG_WARN_STRICT_PROTOTYPES = YES;
				CLANG_WARN_SUSPICIOUS_MOVE = YES;
				CLANG_WARN_UNGUARDED_AVAILABILITY = YES_AGGRESSIVE;
				CLANG_WARN_UNREACHABLE_CODE = YES;
				CLANG_WARN__DUPLICATE_METHOD_MATCH = YES;
				COPY_PHASE_STRIP = NO;
				DEBUG_INFORMATION_FORMAT = dwarf;
				ENABLE_STRICT_OBJC_MSGSEND = YES;
				ENABLE_TESTABILITY = YES;
				ENABLE_USER_SCRIPT_SANDBOXING = YES;
				GCC_C_LANGUAGE_STANDARD = gnu17;
				GCC_DYNAMIC_NO_PIC = NO;
				GCC_NO_COMMON_BLOCKS = YES;
				GCC_OPTIMIZATION_LEVEL = 0;
				GCC_PREPROCESSOR_DEFINITIONS = (
					"DEBUG=1",
					"$(inherited)",
				);
				GCC_WARN_64_TO_32_BIT_CONVERSION = YES;
				GCC_WARN_ABOUT_RETURN_TYPE = YES_ERROR;
				GCC_WARN_UNDECLARED_SELECTOR = YES;
				GCC_WARN_UNINITIALIZED_AUTOS = YES_AGGRESSIVE;
				GCC_WARN_UNUSED_FUNCTION = YES;
				GCC_WARN_UNUSED_VARIABLE = YES;
				GENERATE_INFOPLIST_FILE = NO;
				IPHONEOS_DEPLOYMENT_TARGET = 18.2;
				LOCALIZATION_PREFERS_STRING_CATALOGS = YES;
				MTL_ENABLE_DEBUG_INFO = INCLUDE_SOURCE;
				MTL_FAST_MATH = YES;
				ONLY_ACTIVE_ARCH = YES;
				SDKROOT = iphoneos;
				SWIFT_ACTIVE_COMPILATION_CONDITIONS = "DEBUG $(inherited)";
				SWIFT_OPTIMIZATION_LEVEL = "-Onone";
			};
			name = Debug;
		};
		E63322592D6DAB2B00988E83 /* Release */ = {
			isa = XCBuildConfiguration;
			baseConfigurationReference = E63322D72D6ED48900988E83 /* Config.xcconfig */;
			buildSettings = {
				ALWAYS_SEARCH_USER_PATHS = NO;
				ASSETCATALOG_COMPILER_GENERATE_SWIFT_ASSET_SYMBOL_EXTENSIONS = YES;
				CLANG_ANALYZER_NONNULL = YES;
				CLANG_ANALYZER_NUMBER_OBJECT_CONVERSION = YES_AGGRESSIVE;
				CLANG_CXX_LANGUAGE_STANDARD = "gnu++20";
				CLANG_ENABLE_MODULES = YES;
				CLANG_ENABLE_OBJC_ARC = YES;
				CLANG_ENABLE_OBJC_WEAK = YES;
				CLANG_WARN_BLOCK_CAPTURE_AUTORELEASING = YES;
				CLANG_WARN_BOOL_CONVERSION = YES;
				CLANG_WARN_COMMA = YES;
				CLANG_WARN_CONSTANT_CONVERSION = YES;
				CLANG_WARN_DEPRECATED_OBJC_IMPLEMENTATIONS = YES;
				CLANG_WARN_DIRECT_OBJC_ISA_USAGE = YES_ERROR;
				CLANG_WARN_DOCUMENTATION_COMMENTS = YES;
				CLANG_WARN_EMPTY_BODY = YES;
				CLANG_WARN_ENUM_CONVERSION = YES;
				CLANG_WARN_INFINITE_RECURSION = YES;
				CLANG_WARN_INT_CONVERSION = YES;
				CLANG_WARN_NON_LITERAL_NULL_CONVERSION = YES;
				CLANG_WARN_OBJC_IMPLICIT_RETAIN_SELF = YES;
				CLANG_WARN_OBJC_LITERAL_CONVERSION = YES;
				CLANG_WARN_OBJC_ROOT_CLASS = YES_ERROR;
				CLANG_WARN_QUOTED_INCLUDE_IN_FRAMEWORK_HEADER = YES;
				CLANG_WARN_RANGE_LOOP_ANALYSIS = YES;
				CLANG_WARN_STRICT_PROTOTYPES = YES;
				CLANG_WARN_SUSPICIOUS_MOVE = YES;
				CLANG_WARN_UNGUARDED_AVAILABILITY = YES_AGGRESSIVE;
				CLANG_WARN_UNREACHABLE_CODE = YES;
				CLANG_WARN__DUPLICATE_METHOD_MATCH = YES;
				COPY_PHASE_STRIP = NO;
				DEBUG_INFORMATION_FORMAT = "dwarf-with-dsym";
				ENABLE_NS_ASSERTIONS = NO;
				ENABLE_STRICT_OBJC_MSGSEND = YES;
				ENABLE_USER_SCRIPT_SANDBOXING = YES;
				GCC_C_LANGUAGE_STANDARD = gnu17;
				GCC_NO_COMMON_BLOCKS = YES;
				GCC_WARN_64_TO_32_BIT_CONVERSION = YES;
				GCC_WARN_ABOUT_RETURN_TYPE = YES_ERROR;
				GCC_WARN_UNDECLARED_SELECTOR = YES;
				GCC_WARN_UNINITIALIZED_AUTOS = YES_AGGRESSIVE;
				GCC_WARN_UNUSED_FUNCTION = YES;
				GCC_WARN_UNUSED_VARIABLE = YES;
				GENERATE_INFOPLIST_FILE = NO;
				IPHONEOS_DEPLOYMENT_TARGET = 18.2;
				LOCALIZATION_PREFERS_STRING_CATALOGS = YES;
				MTL_ENABLE_DEBUG_INFO = NO;
				MTL_FAST_MATH = YES;
				SDKROOT = iphoneos;
				SWIFT_COMPILATION_MODE = wholemodule;
				VALIDATE_PRODUCT = YES;
			};
			name = Release;
		};
		E633225B2D6DAB2B00988E83 /* Debug */ = {
			isa = XCBuildConfiguration;
			baseConfigurationReference = E63322D72D6ED48900988E83 /* Config.xcconfig */;
			buildSettings = {
				ASSETCATALOG_COMPILER_APPICON_NAME = AppIcon;
				ASSETCATALOG_COMPILER_GLOBAL_ACCENT_COLOR_NAME = AccentColor;
				CODE_SIGN_STYLE = Automatic;
				CURRENT_PROJECT_VERSION = 1;
				DEVELOPMENT_ASSET_PATHS = "\"AeonIntelligence/Preview Content\"";
				ENABLE_PREVIEWS = YES;
				GENERATE_INFOPLIST_FILE = YES;
				INFOPLIST_FILE = "";
				INFOPLIST_KEY_UIApplicationSceneManifest_Generation = YES;
				INFOPLIST_KEY_UIApplicationSupportsIndirectInputEvents = YES;
				INFOPLIST_KEY_UILaunchScreen_Generation = YES;
				INFOPLIST_KEY_UISupportedInterfaceOrientations_iPad = "UIInterfaceOrientationPortrait UIInterfaceOrientationPortraitUpsideDown UIInterfaceOrientationLandscapeLeft UIInterfaceOrientationLandscapeRight";
				INFOPLIST_KEY_UISupportedInterfaceOrientations_iPhone = "UIInterfaceOrientationPortrait UIInterfaceOrientationLandscapeLeft UIInterfaceOrientationLandscapeRight";
				LD_RUNPATH_SEARCH_PATHS = (
					"$(inherited)",
					"@executable_path/Frameworks",
				);
				MARKETING_VERSION = 1.0;
				PRODUCT_BUNDLE_IDENTIFIER = name.squall.AeonIntelligence;
				PRODUCT_NAME = "$(TARGET_NAME)";
				SWIFT_EMIT_LOC_STRINGS = YES;
				SWIFT_VERSION = 5.0;
				TARGETED_DEVICE_FAMILY = "1,2";
			};
			name = Debug;
		};
		E633225C2D6DAB2B00988E83 /* Release */ = {
			isa = XCBuildConfiguration;
			baseConfigurationReference = E63322D72D6ED48900988E83 /* Config.xcconfig */;
			buildSettings = {
				ASSETCATALOG_COMPILER_APPICON_NAME = AppIcon;
				ASSETCATALOG_COMPILER_GLOBAL_ACCENT_COLOR_NAME = AccentColor;
				CODE_SIGN_STYLE = Automatic;
				CURRENT_PROJECT_VERSION = 1;
				DEVELOPMENT_ASSET_PATHS = "\"AeonIntelligence/Preview Content\"";
				ENABLE_PREVIEWS = YES;
				GENERATE_INFOPLIST_FILE = YES;
				INFOPLIST_FILE = "";
				INFOPLIST_KEY_UIApplicationSceneManifest_Generation = YES;
				INFOPLIST_KEY_UIApplicationSupportsIndirectInputEvents = YES;
				INFOPLIST_KEY_UILaunchScreen_Generation = YES;
				INFOPLIST_KEY_UISupportedInterfaceOrientations_iPad = "UIInterfaceOrientationPortrait UIInterfaceOrientationPortraitUpsideDown UIInterfaceOrientationLandscapeLeft UIInterfaceOrientationLandscapeRight";
				INFOPLIST_KEY_UISupportedInterfaceOrientations_iPhone = "UIInterfaceOrientationPortrait UIInterfaceOrientationLandscapeLeft UIInterfaceOrientationLandscapeRight";
				LD_RUNPATH_SEARCH_PATHS = (
					"$(inherited)",
					"@executable_path/Frameworks",
				);
				MARKETING_VERSION = 1.0;
				PRODUCT_BUNDLE_IDENTIFIER = name.squall.AeonIntelligence;
				PRODUCT_NAME = "$(TARGET_NAME)";
				SWIFT_EMIT_LOC_STRINGS = YES;
				SWIFT_VERSION = 5.0;
				TARGETED_DEVICE_FAMILY = "1,2";
			};
			name = Release;
		};
		E633225E2D6DAB2B00988E83 /* Debug */ = {
			isa = XCBuildConfiguration;
			baseConfigurationReference = E63322D72D6ED48900988E83 /* Config.xcconfig */;
			buildSettings = {
				BUNDLE_LOADER = "$(TEST_HOST)";
				CODE_SIGN_STYLE = Automatic;
				CURRENT_PROJECT_VERSION = 1;
				GENERATE_INFOPLIST_FILE = YES;
				IPHONEOS_DEPLOYMENT_TARGET = 18.2;
				MARKETING_VERSION = 1.0;
				PRODUCT_BUNDLE_IDENTIFIER = name.squall.AeonIntelligenceTests;
				PRODUCT_NAME = "$(TARGET_NAME)";
				SWIFT_EMIT_LOC_STRINGS = NO;
				SWIFT_VERSION = 5.0;
				TARGETED_DEVICE_FAMILY = "1,2";
				TEST_HOST = "$(BUILT_PRODUCTS_DIR)/AeonIntelligence.app/$(BUNDLE_EXECUTABLE_FOLDER_PATH)/AeonIntelligence";
			};
			name = Debug;
		};
		E633225F2D6DAB2B00988E83 /* Release */ = {
			isa = XCBuildConfiguration;
			baseConfigurationReference = E63322D72D6ED48900988E83 /* Config.xcconfig */;
			buildSettings = {
				BUNDLE_LOADER = "$(TEST_HOST)";
				CODE_SIGN_STYLE = Automatic;
				CURRENT_PROJECT_VERSION = 1;
				GENERATE_INFOPLIST_FILE = YES;
				IPHONEOS_DEPLOYMENT_TARGET = 18.2;
				MARKETING_VERSION = 1.0;
				PRODUCT_BUNDLE_IDENTIFIER = name.squall.AeonIntelligenceTests;
				PRODUCT_NAME = "$(TARGET_NAME)";
				SWIFT_EMIT_LOC_STRINGS = NO;
				SWIFT_VERSION = 5.0;
				TARGETED_DEVICE_FAMILY = "1,2";
				TEST_HOST = "$(BUILT_PRODUCTS_DIR)/AeonIntelligence.app/$(BUNDLE_EXECUTABLE_FOLDER_PATH)/AeonIntelligence";
			};
			name = Release;
		};
		E63322612D6DAB2B00988E83 /* Debug */ = {
			isa = XCBuildConfiguration;
			baseConfigurationReference = E63322D72D6ED48900988E83 /* Config.xcconfig */;
			buildSettings = {
				CODE_SIGN_STYLE = Automatic;
				CURRENT_PROJECT_VERSION = 1;
				GENERATE_INFOPLIST_FILE = YES;
				MARKETING_VERSION = 1.0;
				PRODUCT_BUNDLE_IDENTIFIER = name.squall.AeonIntelligenceUITests;
				PRODUCT_NAME = "$(TARGET_NAME)";
				SWIFT_EMIT_LOC_STRINGS = NO;
				SWIFT_VERSION = 5.0;
				TARGETED_DEVICE_FAMILY = "1,2";
				TEST_TARGET_NAME = AeonIntelligence;
			};
			name = Debug;
		};
		E63322622D6DAB2B00988E83 /* Release */ = {
			isa = XCBuildConfiguration;
			baseConfigurationReference = E63322D72D6ED48900988E83 /* Config.xcconfig */;
			buildSettings = {
				CODE_SIGN_STYLE = Automatic;
				CURRENT_PROJECT_VERSION = 1;
				GENERATE_INFOPLIST_FILE = YES;
				MARKETING_VERSION = 1.0;
				PRODUCT_BUNDLE_IDENTIFIER = name.squall.AeonIntelligenceUITests;
				PRODUCT_NAME = "$(TARGET_NAME)";
				SWIFT_EMIT_LOC_STRINGS = NO;
				SWIFT_VERSION = 5.0;
				TARGETED_DEVICE_FAMILY = "1,2";
				TEST_TARGET_NAME = AeonIntelligence;
			};
			name = Release;
		};
/* End XCBuildConfiguration section */

/* Begin XCConfigurationList section */
		E63322312D6DAB2A00988E83 /* Build configuration list for PBXProject "AeonIntelligence" */ = {
			isa = XCConfigurationList;
			buildConfigurations = (
				E63322582D6DAB2B00988E83 /* Debug */,
				E63322592D6DAB2B00988E83 /* Release */,
			);
			defaultConfigurationIsVisible = 0;
			defaultConfigurationName = Release;
		};
		E633225A2D6DAB2B00988E83 /* Build configuration list for PBXNativeTarget "AeonIntelligence" */ = {
			isa = XCConfigurationList;
			buildConfigurations = (
				E633225B2D6DAB2B00988E83 /* Debug */,
				E633225C2D6DAB2B00988E83 /* Release */,
			);
			defaultConfigurationIsVisible = 0;
			defaultConfigurationName = Release;
		};
		E633225D2D6DAB2B00988E83 /* Build configuration list for PBXNativeTarget "AeonIntelligenceTests" */ = {
			isa = XCConfigurationList;
			buildConfigurations = (
				E633225E2D6DAB2B00988E83 /* Debug */,
				E633225F2D6DAB2B00988E83 /* Release */,
			);
			defaultConfigurationIsVisible = 0;
			defaultConfigurationName = Release;
		};
		E63322602D6DAB2B00988E83 /* Build configuration list for PBXNativeTarget "AeonIntelligenceUITests" */ = {
			isa = XCConfigurationList;
			buildConfigurations = (
				E63322612D6DAB2B00988E83 /* Debug */,
				E63322622D6DAB2B00988E83 /* Release */,
			);
			defaultConfigurationIsVisible = 0;
			defaultConfigurationName = Release;
		};
/* End XCConfigurationList section */
	};
	rootObject = E633222E2D6DAB2A00988E83 /* Project object */;
}
